
Microsoft Visual Studio Solution File, Format Version 12.00
# Visual Studio Version 17
VisualStudioVersion = 17.5.33424.131
MinimumVisualStudioVersion = 10.0.40219.1
Project("{FAE04EC0-301F-11D3-BF4B-00C04F79EFBC}") = "Leetcode", "Leetcode\Leetcode.csproj", "{9782C795-62D3-48EC-8F65-21320E15490D}"
EndProject
Global
	GlobalSection(SolutionConfigurationPlatforms) = preSolution
		Debug|Any CPU = Debug|Any CPU
		Release|Any CPU = Release|Any CPU
	EndGlobalSection
	GlobalSection(ProjectConfigurationPlatforms) = postSolution
		{9782C795-62D3-48EC-8F65-21320E15490D}.Debug|Any CPU.ActiveCfg = Debug|Any CPU
		{9782C795-62D3-48EC-8F65-21320E15490D}.Debug|Any CPU.Build.0 = Debug|Any CPU
		{9782C795-62D3-48EC-8F65-21320E15490D}.Release|Any CPU.ActiveCfg = Release|Any CPU
		{9782C795-62D3-48EC-8F65-21320E15490D}.Release|Any CPU.Build.0 = Release|Any CPU
	EndGlobalSection
	GlobalSection(SolutionProperties) = preSolution
		HideSolutionNode = FALSE
	EndGlobalSection
	GlobalSection(ExtensibilityGlobals) = postSolution
		SolutionGuid = {8E70A368-9513-4230-8CD0-AACB3881E061}
	EndGlobalSection
EndGlobal
